// !$*UTF8*$!
{
	archiveVersion = 1;
	classes = {
	};
	objectVersion = 56;
	objects = {

/* Begin PBXBuildFile section */
		A0BBC194298AFDE500A79754 /* AppDelegate.swift in Sources */ = {isa = PBXBuildFile; fileRef = A0BBC193298AFDE500A79754 /* AppDelegate.swift */; };
		A0BBC196298AFDE500A79754 /* SceneDelegate.swift in Sources */ = {isa = PBXBuildFile; fileRef = A0BBC195298AFDE500A79754 /* SceneDelegate.swift */; };
		A0BBC198298AFDE500A79754 /* ViewController.swift in Sources */ = {isa = PBXBuildFile; fileRef = A0BBC197298AFDE500A79754 /* ViewController.swift */; };
		A0BBC19B298AFDE500A79754 /* Main.storyboard in Resources */ = {isa = PBXBuildFile; fileRef = A0BBC199298AFDE500A79754 /* Main.storyboard */; };
		A0BBC19E298AFDE500A79754 /* AppInnovationOneFood.xcdatamodeld in Sources */ = {isa = PBXBuildFile; fileRef = A0BBC19C298AFDE500A79754 /* AppInnovationOneFood.xcdatamodeld */; };
		A0BBC1A0298AFDE700A79754 /* Assets.xcassets in Resources */ = {isa = PBXBuildFile; fileRef = A0BBC19F298AFDE700A79754 /* Assets.xcassets */; };
		A0BBC1A3298AFDE700A79754 /* LaunchScreen.storyboard in Resources */ = {isa = PBXBuildFile; fileRef = A0BBC1A1298AFDE700A79754 /* LaunchScreen.storyboard */; };
/* End PBXBuildFile section */

/* Begin PBXFileReference section */
		A0BBC190298AFDE500A79754 /* AppInnovationOneFood.app */ = {isa = PBXFileReference; explicitFileType = wrapper.application; includeInIndex = 0; path = AppInnovationOneFood.app; sourceTree = BUILT_PRODUCTS_DIR; };
		A0BBC193298AFDE500A79754 /* AppDelegate.swift */ = {isa = PBXFileReference; lastKnownFileType = sourcecode.swift; path = AppDelegate.swift; sourceTree = "<group>"; };
		A0BBC195298AFDE500A79754 /* SceneDelegate.swift */ = {isa = PBXFileReference; lastKnownFileType = sourcecode.swift; path = SceneDelegate.swift; sourceTree = "<group>"; };
		A0BBC197298AFDE500A79754 /* ViewController.swift */ = {isa = PBXFileReference; lastKnownFileType = sourcecode.swift; path = ViewController.swift; sourceTree = "<group>"; };
		A0BBC19A298AFDE500A79754 /* Base */ = {isa = PBXFileReference; lastKnownFileType = file.storyboard; name = Base; path = Base.lproj/Main.storyboard; sourceTree = "<group>"; };
		A0BBC19D298AFDE500A79754 /* AppInnovationOneFood.xcdatamodel */ = {isa = PBXFileReference; lastKnownFileType = wrapper.xcdatamodel; path = AppInnovationOneFood.xcdatamodel; sourceTree = "<group>"; };
		A0BBC19F298AFDE700A79754 /* Assets.xcassets */ = {isa = PBXFileReference; lastKnownFileType = folder.assetcatalog; path = Assets.xcassets; sourceTree = "<group>"; };
		A0BBC1A2298AFDE700A79754 /* Base */ = {isa = PBXFileReference; lastKnownFileType = file.storyboard; name = Base; path = Base.lproj/LaunchScreen.storyboard; sourceTree = "<group>"; };
		A0BBC1A4298AFDE700A79754 /* Info.plist */ = {isa = PBXFileReference; lastKnownFileType = text.plist.xml; path = Info.plist; sourceTree = "<group>"; };
/* End PBXFileReference section */

/* Begin PBXFrameworksBuildPhase section */
		A0BBC18D298AFDE500A79754 /* Frameworks */ = {
			isa = PBXFrameworksBuildPhase;
			buildActionMask = 2147483647;
			files = (
			);
			runOnlyForDeploymentPostprocessing = 0;
		};
/* End PBXFrameworksBuildPhase section */

/* Begin PBXGroup section */
		A0BBC187298AFDE500A79754 = {
			isa = PBXGroup;
			children = (
				A0BBC192298AFDE500A79754 /* AppInnovationOneFood */,
				A0BBC191298AFDE500A79754 /* Products */,
			);
			sourceTree = "<group>";
		};
		A0BBC191298AFDE500A79754 /* Products */ = {
			isa = PBXGroup;
			children = (
				A0BBC190298AFDE500A79754 /* AppInnovationOneFood.app */,
			);
			name = Products;
			sourceTree = "<group>";
		};
		A0BBC192298AFDE500A79754 /* AppInnovationOneFood */ = {
			isa = PBXGroup;
			children = (
				A0BBC193298AFDE500A79754 /* AppDelegate.swift */,
				A0BBC195298AFDE500A79754 /* SceneDelegate.swift */,
				A0BBC197298AFDE500A79754 /* ViewController.swift */,
				A0BBC199298AFDE500A79754 /* Main.storyboard */,
				A0BBC19F298AFDE700A79754 /* Assets.xcassets */,
				A0BBC1A1298AFDE700A79754 /* LaunchScreen.storyboard */,
				A0BBC1A4298AFDE700A79754 /* Info.plist */,
				A0BBC19C298AFDE500A79754 /* AppInnovationOneFood.xcdatamodeld */,
			);
			path = AppInnovationOneFood;
			sourceTree = "<group>";
		};
/* End PBXGroup section */

/* Begin PBXNativeTarget section */
		A0BBC18F298AFDE500A79754 /* AppInnovationOneFood */ = {
			isa = PBXNativeTarget;
			buildConfigurationList = A0BBC1A7298AFDE700A79754 /* Build configuration list for PBXNativeTarget "AppInnovationOneFood" */;
			buildPhases = (
				A0BBC18C298AFDE500A79754 /* Sources */,
				A0BBC18D298AFDE500A79754 /* Frameworks */,
				A0BBC18E298AFDE500A79754 /* Resources */,
			);
			buildRules = (
			);
			dependencies = (
			);
			name = AppInnovationOneFood;
			productName = AppInnovationOneFood;
			productReference = A0BBC190298AFDE500A79754 /* AppInnovationOneFood.app */;
			productType = "com.apple.product-type.application";
		};
/* End PBXNativeTarget section */

/* Begin PBXProject section */
		A0BBC188298AFDE500A79754 /* Project object */ = {
			isa = PBXProject;
			attributes = {
				BuildIndependentTargetsInParallel = 1;
				LastSwiftUpdateCheck = 1420;
				LastUpgradeCheck = 1420;
				TargetAttributes = {
					A0BBC18F298AFDE500A79754 = {
						CreatedOnToolsVersion = 14.2;
					};
				};
			};
			buildConfigurationList = A0BBC18B298AFDE500A79754 /* Build configuration list for PBXProject "AppInnovationOneFood" */;
			compatibilityVersion = "Xcode 14.0";
			developmentRegion = en;
			hasScannedForEncodings = 0;
			knownRegions = (
				en,
				Base,
			);
			mainGroup = A0BBC187298AFDE500A79754;
			productRefGroup = A0BBC191298AFDE500A79754 /* Products */;
			projectDirPath = "";
			projectRoot = "";
			targets = (
				A0BBC18F298AFDE500A79754 /* AppInnovationOneFood */,
			);
		};
/* End PBXProject section */

/* Begin PBXResourcesBuildPhase section */
		A0BBC18E298AFDE500A79754 /* Resources */ = {
			isa = PBXResourcesBuildPhase;
			buildActionMask = 2147483647;
			files = (
				A0BBC1A3298AFDE700A79754 /* LaunchScreen.storyboard in Resources */,
				A0BBC1A0298AFDE700A79754 /* Assets.xcassets in Resources */,
				A0BBC19B298AFDE500A79754 /* Main.storyboard in Resources */,
			);
			runOnlyForDeploymentPostprocessing = 0;
		};
/* End PBXResourcesBuildPhase section */

/* Begin PBXSourcesBuildPhase section */
		A0BBC18C298AFDE500A79754 /* Sources */ = {
			isa = PBXSourcesBuildPhase;
			buildActionMask = 2147483647;
			files = (
				A0BBC198298AFDE500A79754 /* ViewController.swift in Sources */,
				A0BBC194298AFDE500A79754 /* AppDelegate.swift in Sources */,
				A0BBC196298AFDE500A79754 /* SceneDelegate.swift in Sources */,
				A0BBC19E298AFDE500A79754 /* AppInnovationOneFood.xcdatamodeld in Sources */,
			);
			runOnlyForDeploymentPostprocessing = 0;
		};
/* End PBXSourcesBuildPhase section */

/* Begin PBXVariantGroup section */
		A0BBC199298AFDE500A79754 /* Main.storyboard */ = {
			isa = PBXVariantGroup;
			children = (
				A0BBC19A298AFDE500A79754 /* Base */,
			);
			name = Main.storyboard;
			sourceTree = "<group>";
		};
		A0BBC1A1298AFDE700A79754 /* LaunchScreen.storyboard */ = {
			isa = PBXVariantGroup;
			children = (
				A0BBC1A2298AFDE700A79754 /* Base */,
			);
			name = LaunchScreen.storyboard;
			sourceTree = "<group>";
		};
/* End PBXVariantGroup section */

/* Begin XCBuildConfiguration section */
		A0BBC1A5298AFDE700A79754 /* Debug */ = {
			isa = XCBuildConfiguration;
			buildSettings = {
				ALWAYS_SEARCH_USER_PATHS = NO;
				CLANG_ANALYZER_NONNULL = YES;
				CLANG_ANALYZER_NUMBER_OBJECT_CONVERSION = YES_AGGRESSIVE;
				CLANG_CXX_LANGUAGE_STANDARD = "gnu++20";
				CLANG_ENABLE_MODULES = YES;
				CLANG_ENABLE_OBJC_ARC = YES;
				CLANG_ENABLE_OBJC_WEAK = YES;
				CLANG_WARN_BLOCK_CAPTURE_AUTORELEASING = YES;
				CLANG_WARN_BOOL_CONVERSION = YES;
				CLANG_WARN_COMMA = YES;
				CLANG_WARN_CONSTANT_CONVERSION = YES;
				CLANG_WARN_DEPRECATED_OBJC_IMPLEMENTATIONS = YES;
				CLANG_WARN_DIRECT_OBJC_ISA_USAGE = YES_ERROR;
				CLANG_WARN_DOCUMENTATION_COMMENTS = YES;
				CLANG_WARN_EMPTY_BODY = YES;
				CLANG_WARN_ENUM_CONVERSION = YES;
				CLANG_WARN_INFINITE_RECURSION = YES;
				CLANG_WARN_INT_CONVERSION = YES;
				CLANG_WARN_NON_LITERAL_NULL_CONVERSION = YES;
				CLANG_WARN_OBJC_IMPLICIT_RETAIN_SELF = YES;
				CLANG_WARN_OBJC_LITERAL_CONVERSION = YES;
				CLANG_WARN_OBJC_ROOT_CLASS = YES_ERROR;
				CLANG_WARN_QUOTED_INCLUDE_IN_FRAMEWORK_HEADER = YES;
				CLANG_WARN_RANGE_LOOP_ANALYSIS = YES;
				CLANG_WARN_STRICT_PROTOTYPES = YES;
				CLANG_WARN_SUSPICIOUS_MOVE = YES;
				CLANG_WARN_UNGUARDED_AVAILABILITY = YES_AGGRESSIVE;
				CLANG_WARN_UNREACHABLE_CODE = YES;
				CLANG_WARN__DUPLICATE_METHOD_MATCH = YES;
				COPY_PHASE_STRIP = NO;
				DEBUG_INFORMATION_FORMAT = dwarf;
				ENABLE_STRICT_OBJC_MSGSEND = YES;
				ENABLE_TESTABILITY = YES;
				GCC_C_LANGUAGE_STANDARD = gnu11;
				GCC_DYNAMIC_NO_PIC = NO;
				GCC_NO_COMMON_BLOCKS = YES;
				GCC_OPTIMIZATION_LEVEL = 0;
				GCC_PREPROCESSOR_DEFINITIONS = (
					"DEBUG=1",
					"$(inherited)",
				);
				GCC_WARN_64_TO_32_BIT_CONVERSION = YES;
				GCC_WARN_ABOUT_RETURN_TYPE = YES_ERROR;
				GCC_WARN_UNDECLARED_SELECTOR = YES;
				GCC_WARN_UNINITIALIZED_AUTOS = YES_AGGRESSIVE;
				GCC_WARN_UNUSED_FUNCTION = YES;
				GCC_WARN_UNUSED_VARIABLE = YES;
				IPHONEOS_DEPLOYMENT_TARGET = 16.2;
				MTL_ENABLE_DEBUG_INFO = INCLUDE_SOURCE;
				MTL_FAST_MATH = YES;
				ONLY_ACTIVE_ARCH = YES;
				SDKROOT = iphoneos;
				SWIFT_ACTIVE_COMPILATION_CONDITIONS = DEBUG;
				SWIFT_OPTIMIZATION_LEVEL = "-Onone";
			};
			name = Debug;
		};
		A0BBC1A6298AFDE700A79754 /* Release */ = {
			isa = XCBuildConfiguration;
			buildSettings = {
				ALWAYS_SEARCH_USER_PATHS = NO;
				CLANG_ANALYZER_NONNULL = YES;
				CLANG_ANALYZER_NUMBER_OBJECT_CONVERSION = YES_AGGRESSIVE;
				CLANG_CXX_LANGUAGE_STANDARD = "gnu++20";
				CLANG_ENABLE_MODULES = YES;
				CLANG_ENABLE_OBJC_ARC = YES;
				CLANG_ENABLE_OBJC_WEAK = YES;
				CLANG_WARN_BLOCK_CAPTURE_AUTORELEASING = YES;
				CLANG_WARN_BOOL_CONVERSION = YES;
				CLANG_WARN_COMMA = YES;
				CLANG_WARN_CONSTANT_CONVERSION = YES;
				CLANG_WARN_DEPRECATED_OBJC_IMPLEMENTATIONS = YES;
				CLANG_WARN_DIRECT_OBJC_ISA_USAGE = YES_ERROR;
				CLANG_WARN_DOCUMENTATION_COMMENTS = YES;
				CLANG_WARN_EMPTY_BODY = YES;
				CLANG_WARN_ENUM_CONVERSION = YES;
				CLANG_WARN_INFINITE_RECURSION = YES;
				CLANG_WARN_INT_CONVERSION = YES;
				CLANG_WARN_NON_LITERAL_NULL_CONVERSION = YES;
				CLANG_WARN_OBJC_IMPLICIT_RETAIN_SELF = YES;
				CLANG_WARN_OBJC_LITERAL_CONVERSION = YES;
				CLANG_WARN_OBJC_ROOT_CLASS = YES_ERROR;
				CLANG_WARN_QUOTED_INCLUDE_IN_FRAMEWORK_HEADER = YES;
				CLANG_WARN_RANGE_LOOP_ANALYSIS = YES;
				CLANG_WARN_STRICT_PROTOTYPES = YES;
				CLANG_WARN_SUSPICIOUS_MOVE = YES;
				CLANG_WARN_UNGUARDED_AVAILABILITY = YES_AGGRESSIVE;
				CLANG_WARN_UNREACHABLE_CODE = YES;
				CLANG_WARN__DUPLICATE_METHOD_MATCH = YES;
				COPY_PHASE_STRIP = NO;
				DEBUG_INFORMATION_FORMAT = "dwarf-with-dsym";
				ENABLE_NS_ASSERTIONS = NO;
				ENABLE_STRICT_OBJC_MSGSEND = YES;
				GCC_C_LANGUAGE_STANDARD = gnu11;
				GCC_NO_COMMON_BLOCKS = YES;
				GCC_WARN_64_TO_32_BIT_CONVERSION = YES;
				GCC_WARN_ABOUT_RETURN_TYPE = YES_ERROR;
				GCC_WARN_UNDECLARED_SELECTOR = YES;
				GCC_WARN_UNINITIALIZED_AUTOS = YES_AGGRESSIVE;
				GCC_WARN_UNUSED_FUNCTION = YES;
				GCC_WARN_UNUSED_VARIABLE = YES;
				IPHONEOS_DEPLOYMENT_TARGET = 16.2;
				MTL_ENABLE_DEBUG_INFO = NO;
				MTL_FAST_MATH = YES;
				SDKROOT = iphoneos;
				SWIFT_COMPILATION_MODE = wholemodule;
				SWIFT_OPTIMIZATION_LEVEL = "-O";
				VALIDATE_PRODUCT = YES;
			};
			name = Release;
		};
		A0BBC1A8298AFDE700A79754 /* Debug */ = {
			isa = XCBuildConfiguration;
			buildSettings = {
				ASSETCATALOG_COMPILER_APPICON_NAME = AppIcon;
				ASSETCATALOG_COMPILER_GLOBAL_ACCENT_COLOR_NAME = AccentColor;
				CODE_SIGN_STYLE = Automatic;
				CURRENT_PROJECT_VERSION = 1;
				GENERATE_INFOPLIST_FILE = YES;
				INFOPLIST_FILE = AppInnovationOneFood/Info.plist;
				INFOPLIST_KEY_UIApplicationSupportsIndirectInputEvents = YES;
				INFOPLIST_KEY_UILaunchStoryboardName = LaunchScreen;
				INFOPLIST_KEY_UIMainStoryboardFile = Main;
				INFOPLIST_KEY_UISupportedInterfaceOrientations_iPad = "UIInterfaceOrientationPortrait UIInterfaceOrientationPortraitUpsideDown UIInterfaceOrientationLandscapeLeft UIInterfaceOrientationLandscapeRight";
				INFOPLIST_KEY_UISupportedInterfaceOrientations_iPhone = "UIInterfaceOrientationPortrait UIInterfaceOrientationLandscapeLeft UIInterfaceOrientationLandscapeRight";
				LD_RUNPATH_SEARCH_PATHS = (
					"$(inherited)",
					"@executable_path/Frameworks",
				);
				MARKETING_VERSION = 1.0;
				PRODUCT_BUNDLE_IDENTIFIER = br.com.eduardo.alexandre.AppInnovationOneFood;
				PRODUCT_NAME = "$(TARGET_NAME)";
				SWIFT_EMIT_LOC_STRINGS = YES;
				SWIFT_VERSION = 5.0;
				TARGETED_DEVICE_FAMILY = "1,2";
			};
			name = Debug;
		};
		A0BBC1A9298AFDE700A79754 /* Release */ = {
			isa = XCBuildConfiguration;
			buildSettings = {
				ASSETCATALOG_COMPILER_APPICON_NAME = AppIcon;
				ASSETCATALOG_COMPILER_GLOBAL_ACCENT_COLOR_NAME = AccentColor;
				CODE_SIGN_STYLE = Automatic;
				CURRENT_PROJECT_VERSION = 1;
				GENERATE_INFOPLIST_FILE = YES;
				INFOPLIST_FILE = AppInnovationOneFood/Info.plist;
				INFOPLIST_KEY_UIApplicationSupportsIndirectInputEvents = YES;
				INFOPLIST_KEY_UILaunchStoryboardName = LaunchScreen;
				INFOPLIST_KEY_UIMainStoryboardFile = Main;
				INFOPLIST_KEY_UISupportedInterfaceOrientations_iPad = "UIInterfaceOrientationPortrait UIInterfaceOrientationPortraitUpsideDown UIInterfaceOrientationLandscapeLeft UIInterfaceOrientationLandscapeRight";
				INFOPLIST_KEY_UISupportedInterfaceOrientations_iPhone = "UIInterfaceOrientationPortrait UIInterfaceOrientationLandscapeLeft UIInterfaceOrientationLandscapeRight";
				LD_RUNPATH_SEARCH_PATHS = (
					"$(inherited)",
					"@executable_path/Frameworks",
				);
				MARKETING_VERSION = 1.0;
				PRODUCT_BUNDLE_IDENTIFIER = br.com.eduardo.alexandre.AppInnovationOneFood;
				PRODUCT_NAME = "$(TARGET_NAME)";
				SWIFT_EMIT_LOC_STRINGS = YES;
				SWIFT_VERSION = 5.0;
				TARGETED_DEVICE_FAMILY = "1,2";
			};
			name = Release;
		};
/* End XCBuildConfiguration section */

/* Begin XCConfigurationList section */
		A0BBC18B298AFDE500A79754 /* Build configuration list for PBXProject "AppInnovationOneFood" */ = {
			isa = XCConfigurationList;
			buildConfigurations = (
				A0BBC1A5298AFDE700A79754 /* Debug */,
				A0BBC1A6298AFDE700A79754 /* Release */,
			);
			defaultConfigurationIsVisible = 0;
			defaultConfigurationName = Release;
		};
		A0BBC1A7298AFDE700A79754 /* Build configuration list for PBXNativeTarget "AppInnovationOneFood" */ = {
			isa = XCConfigurationList;
			buildConfigurations = (
				A0BBC1A8298AFDE700A79754 /* Debug */,
				A0BBC1A9298AFDE700A79754 /* Release */,
			);
			defaultConfigurationIsVisible = 0;
			defaultConfigurationName = Release;
		};
/* End XCConfigurationList section */

/* Begin XCVersionGroup section */
		A0BBC19C298AFDE500A79754 /* AppInnovationOneFood.xcdatamodeld */ = {
			isa = XCVersionGroup;
			children = (
				A0BBC19D298AFDE500A79754 /* AppInnovationOneFood.xcdatamodel */,
			);
			currentVersion = A0BBC19D298AFDE500A79754 /* AppInnovationOneFood.xcdatamodel */;
			path = AppInnovationOneFood.xcdatamodeld;
			sourceTree = "<group>";
			versionGroupType = wrapper.xcdatamodel;
		};
/* End XCVersionGroup section */
	};
	rootObject = A0BBC188298AFDE500A79754 /* Project object */;
}
